
Microsoft Visual Studio Solution File, Format Version 12.00
# Visual Studio Version 17
VisualStudioVersion = 17.9.34622.214
MinimumVisualStudioVersion = 10.0.40219.1
Project("{FAE04EC0-301F-11D3-BF4B-00C04F79EFBC}") = "LogsByBrady", "LogsByBrady\LogsByBrady.csproj", "{EB8AFF0B-BCC4-44A0-8BE5-28F0A7D2BE4D}"
EndProject
Global
	GlobalSection(SolutionConfigurationPlatforms) = preSolution
		Debug|Any CPU = Debug|Any CPU
		Release|Any CPU = Release|Any CPU
	EndGlobalSection
	GlobalSection(ProjectConfigurationPlatforms) = postSolution
		{EB8AFF0B-BCC4-44A0-8BE5-28F0A7D2BE4D}.Debug|Any CPU.ActiveCfg = Debug|Any CPU
		{EB8AFF0B-BCC4-44A0-8BE5-28F0A7D2BE4D}.Debug|Any CPU.Build.0 = Debug|Any CPU
		{EB8AFF0B-BCC4-44A0-8BE5-28F0A7D2BE4D}.Release|Any CPU.ActiveCfg = Release|Any CPU
		{EB8AFF0B-BCC4-44A0-8BE5-28F0A7D2BE4D}.Release|Any CPU.Build.0 = Release|Any CPU
		{A1AF3594-EDB1-42F5-9D37-D7CDE9836420}.Debug|Any CPU.ActiveCfg = Debug|Any CPU
		{A1AF3594-EDB1-42F5-9D37-D7CDE9836420}.Debug|Any CPU.Build.0 = Debug|Any CPU
		{A1AF3594-EDB1-42F5-9D37-D7CDE9836420}.Release|Any CPU.ActiveCfg = Release|Any CPU
		{A1AF3594-EDB1-42F5-9D37-D7CDE9836420}.Release|Any CPU.Build.0 = Release|Any CPU
		{D1FF1EA7-00E2-40A7-BE32-F0236F50C20D}.Debug|Any CPU.ActiveCfg = Debug|Any CPU
		{D1FF1EA7-00E2-40A7-BE32-F0236F50C20D}.Debug|Any CPU.Build.0 = Debug|Any CPU
		{D1FF1EA7-00E2-40A7-BE32-F0236F50C20D}.Release|Any CPU.ActiveCfg = Release|Any CPU
		{D1FF1EA7-00E2-40A7-BE32-F0236F50C20D}.Release|Any CPU.Build.0 = Release|Any CPU
	EndGlobalSection
	GlobalSection(SolutionProperties) = preSolution
		HideSolutionNode = FALSE
	EndGlobalSection
	GlobalSection(ExtensibilityGlobals) = postSolution
		SolutionGuid = {6FFEC90E-4474-441B-824E-A15F282A2F56}
	EndGlobalSection
EndGlobal
